// !$*UTF8*$!
{
	archiveVersion = 1;
	classes = {
	};
	objectVersion = 48;
	objects = {

/* Begin PBXBuildFile section */
		89D6037C202F195900E5C100 /* AppDelegate.swift in Sources */ = {isa = PBXBuildFile; fileRef = 89D6037B202F195900E5C100 /* AppDelegate.swift */; };
		89D60381202F195900E5C100 /* Main.storyboard in Resources */ = {isa = PBXBuildFile; fileRef = 89D6037F202F195900E5C100 /* Main.storyboard */; };
		89D60383202F195900E5C100 /* Assets.xcassets in Resources */ = {isa = PBXBuildFile; fileRef = 89D60382202F195900E5C100 /* Assets.xcassets */; };
		89D60386202F195900E5C100 /* LaunchScreen.storyboard in Resources */ = {isa = PBXBuildFile; fileRef = 89D60384202F195900E5C100 /* LaunchScreen.storyboard */; };
		89D60393202F1C1700E5C100 /* ConverterViewController.swift in Sources */ = {isa = PBXBuildFile; fileRef = 89D60392202F1C1700E5C100 /* ConverterViewController.swift */; };
		89D60397202F22BB00E5C100 /* ConverterTableViewCell.swift in Sources */ = {isa = PBXBuildFile; fileRef = 89D60396202F22BB00E5C100 /* ConverterTableViewCell.swift */; };
		89D60399202F246C00E5C100 /* CurrencyModel.swift in Sources */ = {isa = PBXBuildFile; fileRef = 89D60398202F246C00E5C100 /* CurrencyModel.swift */; };
		89D6039B202F24FE00E5C100 /* ConverterTableViewController.swift in Sources */ = {isa = PBXBuildFile; fileRef = 89D6039A202F24FE00E5C100 /* ConverterTableViewController.swift */; };
/* End PBXBuildFile section */

/* Begin PBXFileReference section */
		89D60378202F195900E5C100 /* Currency-Converter.app */ = {isa = PBXFileReference; explicitFileType = wrapper.application; includeInIndex = 0; path = "Currency-Converter.app"; sourceTree = BUILT_PRODUCTS_DIR; };
		89D6037B202F195900E5C100 /* AppDelegate.swift */ = {isa = PBXFileReference; lastKnownFileType = sourcecode.swift; path = AppDelegate.swift; sourceTree = "<group>"; };
		89D60380202F195900E5C100 /* Base */ = {isa = PBXFileReference; lastKnownFileType = file.storyboard; name = Base; path = Base.lproj/Main.storyboard; sourceTree = "<group>"; };
		89D60382202F195900E5C100 /* Assets.xcassets */ = {isa = PBXFileReference; lastKnownFileType = folder.assetcatalog; path = Assets.xcassets; sourceTree = "<group>"; };
		89D60385202F195900E5C100 /* Base */ = {isa = PBXFileReference; lastKnownFileType = file.storyboard; name = Base; path = Base.lproj/LaunchScreen.storyboard; sourceTree = "<group>"; };
		89D60387202F195900E5C100 /* Info.plist */ = {isa = PBXFileReference; lastKnownFileType = text.plist.xml; path = Info.plist; sourceTree = "<group>"; };
		89D60392202F1C1700E5C100 /* ConverterViewController.swift */ = {isa = PBXFileReference; lastKnownFileType = sourcecode.swift; path = ConverterViewController.swift; sourceTree = "<group>"; };
		89D60396202F22BB00E5C100 /* ConverterTableViewCell.swift */ = {isa = PBXFileReference; lastKnownFileType = sourcecode.swift; path = ConverterTableViewCell.swift; sourceTree = "<group>"; };
		89D60398202F246C00E5C100 /* CurrencyModel.swift */ = {isa = PBXFileReference; lastKnownFileType = sourcecode.swift; path = CurrencyModel.swift; sourceTree = "<group>"; };
		89D6039A202F24FE00E5C100 /* ConverterTableViewController.swift */ = {isa = PBXFileReference; lastKnownFileType = sourcecode.swift; path = ConverterTableViewController.swift; sourceTree = "<group>"; };
/* End PBXFileReference section */

/* Begin PBXFrameworksBuildPhase section */
		89D60375202F195900E5C100 /* Frameworks */ = {
			isa = PBXFrameworksBuildPhase;
			buildActionMask = 2147483647;
			files = (
			);
			runOnlyForDeploymentPostprocessing = 0;
		};
/* End PBXFrameworksBuildPhase section */

/* Begin PBXGroup section */
		89D6036F202F195900E5C100 = {
			isa = PBXGroup;
			children = (
				89D6037A202F195900E5C100 /* Currency-Converter */,
				89D60379202F195900E5C100 /* Products */,
			);
			sourceTree = "<group>";
		};
		89D60379202F195900E5C100 /* Products */ = {
			isa = PBXGroup;
			children = (
				89D60378202F195900E5C100 /* Currency-Converter.app */,
			);
			name = Products;
			sourceTree = "<group>";
		};
		89D6037A202F195900E5C100 /* Currency-Converter */ = {
			isa = PBXGroup;
			children = (
				89D60398202F246C00E5C100 /* CurrencyModel.swift */,
				89D60392202F1C1700E5C100 /* ConverterViewController.swift */,
				89D6039A202F24FE00E5C100 /* ConverterTableViewController.swift */,
				89D60396202F22BB00E5C100 /* ConverterTableViewCell.swift */,
				89D6037F202F195900E5C100 /* Main.storyboard */,
				89D60387202F195900E5C100 /* Info.plist */,
				89D6038D202F199100E5C100 /* Supporting Files */,
			);
			path = "Currency-Converter";
			sourceTree = "<group>";
		};
		89D6038D202F199100E5C100 /* Supporting Files */ = {
			isa = PBXGroup;
			children = (
				89D6037B202F195900E5C100 /* AppDelegate.swift */,
				89D60382202F195900E5C100 /* Assets.xcassets */,
				89D60384202F195900E5C100 /* LaunchScreen.storyboard */,
			);
			path = "Supporting Files";
			sourceTree = "<group>";
		};
/* End PBXGroup section */

/* Begin PBXNativeTarget section */
		89D60377202F195900E5C100 /* Currency-Converter */ = {
			isa = PBXNativeTarget;
			buildConfigurationList = 89D6038A202F195900E5C100 /* Build configuration list for PBXNativeTarget "Currency-Converter" */;
			buildPhases = (
				89D60374202F195900E5C100 /* Sources */,
				89D60375202F195900E5C100 /* Frameworks */,
				89D60376202F195900E5C100 /* Resources */,
			);
			buildRules = (
			);
			dependencies = (
			);
			name = "Currency-Converter";
			productName = "Currency-Converter";
			productReference = 89D60378202F195900E5C100 /* Currency-Converter.app */;
			productType = "com.apple.product-type.application";
		};
/* End PBXNativeTarget section */

/* Begin PBXProject section */
		89D60370202F195900E5C100 /* Project object */ = {
			isa = PBXProject;
			attributes = {
				LastSwiftUpdateCheck = 0920;
				LastUpgradeCheck = 0920;
				ORGANIZATIONNAME = "Kristina Gelzinyte";
				TargetAttributes = {
					89D60377202F195900E5C100 = {
						CreatedOnToolsVersion = 9.2;
						ProvisioningStyle = Automatic;
					};
				};
			};
			buildConfigurationList = 89D60373202F195900E5C100 /* Build configuration list for PBXProject "Currency-Converter" */;
			compatibilityVersion = "Xcode 8.0";
			developmentRegion = en;
			hasScannedForEncodings = 0;
			knownRegions = (
				en,
				Base,
			);
			mainGroup = 89D6036F202F195900E5C100;
			productRefGroup = 89D60379202F195900E5C100 /* Products */;
			projectDirPath = "";
			projectRoot = "";
			targets = (
				89D60377202F195900E5C100 /* Currency-Converter */,
			);
		};
/* End PBXProject section */

/* Begin PBXResourcesBuildPhase section */
		89D60376202F195900E5C100 /* Resources */ = {
			isa = PBXResourcesBuildPhase;
			buildActionMask = 2147483647;
			files = (
				89D60386202F195900E5C100 /* LaunchScreen.storyboard in Resources */,
				89D60383202F195900E5C100 /* Assets.xcassets in Resources */,
				89D60381202F195900E5C100 /* Main.storyboard in Resources */,
			);
			runOnlyForDeploymentPostprocessing = 0;
		};
/* End PBXResourcesBuildPhase section */

/* Begin PBXSourcesBuildPhase section */
		89D60374202F195900E5C100 /* Sources */ = {
			isa = PBXSourcesBuildPhase;
			buildActionMask = 2147483647;
			files = (
				89D60393202F1C1700E5C100 /* ConverterViewController.swift in Sources */,
				89D6039B202F24FE00E5C100 /* ConverterTableViewController.swift in Sources */,
				89D60397202F22BB00E5C100 /* ConverterTableViewCell.swift in Sources */,
				89D60399202F246C00E5C100 /* CurrencyModel.swift in Sources */,
				89D6037C202F195900E5C100 /* AppDelegate.swift in Sources */,
			);
			runOnlyForDeploymentPostprocessing = 0;
		};
/* End PBXSourcesBuildPhase section */

/* Begin PBXVariantGroup section */
		89D6037F202F195900E5C100 /* Main.storyboard */ = {
			isa = PBXVariantGroup;
			children = (
				89D60380202F195900E5C100 /* Base */,
			);
			name = Main.storyboard;
			sourceTree = "<group>";
		};
		89D60384202F195900E5C100 /* LaunchScreen.storyboard */ = {
			isa = PBXVariantGroup;
			children = (
				89D60385202F195900E5C100 /* Base */,
			);
			name = LaunchScreen.storyboard;
			sourceTree = "<group>";
		};
/* End PBXVariantGroup section */

/* Begin XCBuildConfiguration section */
		89D60388202F195900E5C100 /* Debug */ = {
			isa = XCBuildConfiguration;
			buildSettings = {
				ALWAYS_SEARCH_USER_PATHS = NO;
				CLANG_ANALYZER_NONNULL = YES;
				CLANG_ANALYZER_NUMBER_OBJECT_CONVERSION = YES_AGGRESSIVE;
				CLANG_CXX_LANGUAGE_STANDARD = "gnu++14";
				CLANG_CXX_LIBRARY = "libc++";
				CLANG_ENABLE_MODULES = YES;
				CLANG_ENABLE_OBJC_ARC = YES;
				CLANG_WARN_BLOCK_CAPTURE_AUTORELEASING = YES;
				CLANG_WARN_BOOL_CONVERSION = YES;
				CLANG_WARN_COMMA = YES;
				CLANG_WARN_CONSTANT_CONVERSION = YES;
				CLANG_WARN_DIRECT_OBJC_ISA_USAGE = YES_ERROR;
				CLANG_WARN_DOCUMENTATION_COMMENTS = YES;
				CLANG_WARN_EMPTY_BODY = YES;
				CLANG_WARN_ENUM_CONVERSION = YES;
				CLANG_WARN_INFINITE_RECURSION = YES;
				CLANG_WARN_INT_CONVERSION = YES;
				CLANG_WARN_NON_LITERAL_NULL_CONVERSION = YES;
				CLANG_WARN_OBJC_LITERAL_CONVERSION = YES;
				CLANG_WARN_OBJC_ROOT_CLASS = YES_ERROR;
				CLANG_WARN_RANGE_LOOP_ANALYSIS = YES;
				CLANG_WARN_STRICT_PROTOTYPES = YES;
				CLANG_WARN_SUSPICIOUS_MOVE = YES;
				CLANG_WARN_UNGUARDED_AVAILABILITY = YES_AGGRESSIVE;
				CLANG_WARN_UNREACHABLE_CODE = YES;
				CLANG_WARN__DUPLICATE_METHOD_MATCH = YES;
				CODE_SIGN_IDENTITY = "iPhone Developer";
				COPY_PHASE_STRIP = NO;
				DEBUG_INFORMATION_FORMAT = dwarf;
				ENABLE_STRICT_OBJC_MSGSEND = YES;
				ENABLE_TESTABILITY = YES;
				GCC_C_LANGUAGE_STANDARD = gnu11;
				GCC_DYNAMIC_NO_PIC = NO;
				GCC_NO_COMMON_BLOCKS = YES;
				GCC_OPTIMIZATION_LEVEL = 0;
				GCC_PREPROCESSOR_DEFINITIONS = (
					"DEBUG=1",
					"$(inherited)",
				);
				GCC_WARN_64_TO_32_BIT_CONVERSION = YES;
				GCC_WARN_ABOUT_RETURN_TYPE = YES_ERROR;
				GCC_WARN_UNDECLARED_SELECTOR = YES;
				GCC_WARN_UNINITIALIZED_AUTOS = YES_AGGRESSIVE;
				GCC_WARN_UNUSED_FUNCTION = YES;
				GCC_WARN_UNUSED_VARIABLE = YES;
				IPHONEOS_DEPLOYMENT_TARGET = 11.2;
				MTL_ENABLE_DEBUG_INFO = YES;
				ONLY_ACTIVE_ARCH = YES;
				SDKROOT = iphoneos;
				SWIFT_ACTIVE_COMPILATION_CONDITIONS = DEBUG;
				SWIFT_OPTIMIZATION_LEVEL = "-Onone";
			};
			name = Debug;
		};
		89D60389202F195900E5C100 /* Release */ = {
			isa = XCBuildConfiguration;
			buildSettings = {
				ALWAYS_SEARCH_USER_PATHS = NO;
				CLANG_ANALYZER_NONNULL = YES;
				CLANG_ANALYZER_NUMBER_OBJECT_CONVERSION = YES_AGGRESSIVE;
				CLANG_CXX_LANGUAGE_STANDARD = "gnu++14";
				CLANG_CXX_LIBRARY = "libc++";
				CLANG_ENABLE_MODULES = YES;
				CLANG_ENABLE_OBJC_ARC = YES;
				CLANG_WARN_BLOCK_CAPTURE_AUTORELEASING = YES;
				CLANG_WARN_BOOL_CONVERSION = YES;
				CLANG_WARN_COMMA = YES;
				CLANG_WARN_CONSTANT_CONVERSION = YES;
				CLANG_WARN_DIRECT_OBJC_ISA_USAGE = YES_ERROR;
				CLANG_WARN_DOCUMENTATION_COMMENTS = YES;
				CLANG_WARN_EMPTY_BODY = YES;
				CLANG_WARN_ENUM_CONVERSION = YES;
				CLANG_WARN_INFINITE_RECURSION = YES;
				CLANG_WARN_INT_CONVERSION = YES;
				CLANG_WARN_NON_LITERAL_NULL_CONVERSION = YES;
				CLANG_WARN_OBJC_LITERAL_CONVERSION = YES;
				CLANG_WARN_OBJC_ROOT_CLASS = YES_ERROR;
				CLANG_WARN_RANGE_LOOP_ANALYSIS = YES;
				CLANG_WARN_STRICT_PROTOTYPES = YES;
				CLANG_WARN_SUSPICIOUS_MOVE = YES;
				CLANG_WARN_UNGUARDED_AVAILABILITY = YES_AGGRESSIVE;
				CLANG_WARN_UNREACHABLE_CODE = YES;
				CLANG_WARN__DUPLICATE_METHOD_MATCH = YES;
				CODE_SIGN_IDENTITY = "iPhone Developer";
				COPY_PHASE_STRIP = NO;
				DEBUG_INFORMATION_FORMAT = "dwarf-with-dsym";
				ENABLE_NS_ASSERTIONS = NO;
				ENABLE_STRICT_OBJC_MSGSEND = YES;
				GCC_C_LANGUAGE_STANDARD = gnu11;
				GCC_NO_COMMON_BLOCKS = YES;
				GCC_WARN_64_TO_32_BIT_CONVERSION = YES;
				GCC_WARN_ABOUT_RETURN_TYPE = YES_ERROR;
				GCC_WARN_UNDECLARED_SELECTOR = YES;
				GCC_WARN_UNINITIALIZED_AUTOS = YES_AGGRESSIVE;
				GCC_WARN_UNUSED_FUNCTION = YES;
				GCC_WARN_UNUSED_VARIABLE = YES;
				IPHONEOS_DEPLOYMENT_TARGET = 11.2;
				MTL_ENABLE_DEBUG_INFO = NO;
				SDKROOT = iphoneos;
				SWIFT_OPTIMIZATION_LEVEL = "-Owholemodule";
				VALIDATE_PRODUCT = YES;
			};
			name = Release;
		};
		89D6038B202F195900E5C100 /* Debug */ = {
			isa = XCBuildConfiguration;
			buildSettings = {
				ASSETCATALOG_COMPILER_APPICON_NAME = AppIcon;
				CODE_SIGN_STYLE = Automatic;
				DEVELOPMENT_TEAM = PJ8U3CQ43A;
				INFOPLIST_FILE = "Currency-Converter/Info.plist";
				LD_RUNPATH_SEARCH_PATHS = "$(inherited) @executable_path/Frameworks";
				PRODUCT_BUNDLE_IDENTIFIER = "KG.Currency-Converter";
				PRODUCT_NAME = "$(TARGET_NAME)";
				SWIFT_VERSION = 4.0;
				TARGETED_DEVICE_FAMILY = 1;
			};
			name = Debug;
		};
		89D6038C202F195900E5C100 /* Release */ = {
			isa = XCBuildConfiguration;
			buildSettings = {
				ASSETCATALOG_COMPILER_APPICON_NAME = AppIcon;
				CODE_SIGN_STYLE = Automatic;
				DEVELOPMENT_TEAM = PJ8U3CQ43A;
				INFOPLIST_FILE = "Currency-Converter/Info.plist";
				LD_RUNPATH_SEARCH_PATHS = "$(inherited) @executable_path/Frameworks";
				PRODUCT_BUNDLE_IDENTIFIER = "KG.Currency-Converter";
				PRODUCT_NAME = "$(TARGET_NAME)";
				SWIFT_VERSION = 4.0;
				TARGETED_DEVICE_FAMILY = 1;
			};
			name = Release;
		};
/* End XCBuildConfiguration section */

/* Begin XCConfigurationList section */
		89D60373202F195900E5C100 /* Build configuration list for PBXProject "Currency-Converter" */ = {
			isa = XCConfigurationList;
			buildConfigurations = (
				89D60388202F195900E5C100 /* Debug */,
				89D60389202F195900E5C100 /* Release */,
			);
			defaultConfigurationIsVisible = 0;
			defaultConfigurationName = Release;
		};
		89D6038A202F195900E5C100 /* Build configuration list for PBXNativeTarget "Currency-Converter" */ = {
			isa = XCConfigurationList;
			buildConfigurations = (
				89D6038B202F195900E5C100 /* Debug */,
				89D6038C202F195900E5C100 /* Release */,
			);
			defaultConfigurationIsVisible = 0;
			defaultConfigurationName = Release;
		};
/* End XCConfigurationList section */
	};
	rootObject = 89D60370202F195900E5C100 /* Project object */;
}
